// !$*UTF8*$!
{
	archiveVersion = 1;
	classes = {
	};
	objectVersion = 46;
	objects = {

/* Begin PBXBuildFile section */
		1D77A573F66A38C4461A3984 /* Pods_PASGoogleClient.framework in Frameworks */ = {isa = PBXBuildFile; fileRef = A43E20ABA8042F432376F185 /* Pods_PASGoogleClient.framework */; };
		D0969AEA1E7EDA5200210A58 /* AppDelegate.swift in Sources */ = {isa = PBXBuildFile; fileRef = D0969AE91E7EDA5200210A58 /* AppDelegate.swift */; };
		D0969AEC1E7EDA5200210A58 /* ViewController.swift in Sources */ = {isa = PBXBuildFile; fileRef = D0969AEB1E7EDA5200210A58 /* ViewController.swift */; };
		D0969AEF1E7EDA5200210A58 /* Main.storyboard in Resources */ = {isa = PBXBuildFile; fileRef = D0969AED1E7EDA5200210A58 /* Main.storyboard */; };
		D0969AF21E7EDA5200210A58 /* PASGoogleClient.xcdatamodeld in Sources */ = {isa = PBXBuildFile; fileRef = D0969AF01E7EDA5200210A58 /* PASGoogleClient.xcdatamodeld */; };
		D0969AF41E7EDA5200210A58 /* Assets.xcassets in Resources */ = {isa = PBXBuildFile; fileRef = D0969AF31E7EDA5200210A58 /* Assets.xcassets */; };
		D0969AF71E7EDA5200210A58 /* LaunchScreen.storyboard in Resources */ = {isa = PBXBuildFile; fileRef = D0969AF51E7EDA5200210A58 /* LaunchScreen.storyboard */; };
/* End PBXBuildFile section */

/* Begin PBXFileReference section */
		4FC1D9FFDB3C59C1EDE02AD3 /* Pods-PASGoogleClient.release.xcconfig */ = {isa = PBXFileReference; includeInIndex = 1; lastKnownFileType = text.xcconfig; name = "Pods-PASGoogleClient.release.xcconfig"; path = "Pods/Target Support Files/Pods-PASGoogleClient/Pods-PASGoogleClient.release.xcconfig"; sourceTree = "<group>"; };
		A43E20ABA8042F432376F185 /* Pods_PASGoogleClient.framework */ = {isa = PBXFileReference; explicitFileType = wrapper.framework; includeInIndex = 0; path = Pods_PASGoogleClient.framework; sourceTree = BUILT_PRODUCTS_DIR; };
		D0969AE61E7EDA5200210A58 /* PASGoogleClient.app */ = {isa = PBXFileReference; explicitFileType = wrapper.application; includeInIndex = 0; path = PASGoogleClient.app; sourceTree = BUILT_PRODUCTS_DIR; };
		D0969AE91E7EDA5200210A58 /* AppDelegate.swift */ = {isa = PBXFileReference; lastKnownFileType = sourcecode.swift; path = AppDelegate.swift; sourceTree = "<group>"; };
		D0969AEB1E7EDA5200210A58 /* ViewController.swift */ = {isa = PBXFileReference; lastKnownFileType = sourcecode.swift; path = ViewController.swift; sourceTree = "<group>"; };
		D0969AEE1E7EDA5200210A58 /* Base */ = {isa = PBXFileReference; lastKnownFileType = file.storyboard; name = Base; path = Base.lproj/Main.storyboard; sourceTree = "<group>"; };
		D0969AF11E7EDA5200210A58 /* PASGoogleClient.xcdatamodel */ = {isa = PBXFileReference; lastKnownFileType = wrapper.xcdatamodel; path = PASGoogleClient.xcdatamodel; sourceTree = "<group>"; };
		D0969AF31E7EDA5200210A58 /* Assets.xcassets */ = {isa = PBXFileReference; lastKnownFileType = folder.assetcatalog; path = Assets.xcassets; sourceTree = "<group>"; };
		D0969AF61E7EDA5200210A58 /* Base */ = {isa = PBXFileReference; lastKnownFileType = file.storyboard; name = Base; path = Base.lproj/LaunchScreen.storyboard; sourceTree = "<group>"; };
		D0969AF81E7EDA5200210A58 /* Info.plist */ = {isa = PBXFileReference; lastKnownFileType = text.plist.xml; path = Info.plist; sourceTree = "<group>"; };
		F6C29EA5C27D68C78058BF1E /* Pods-PASGoogleClient.debug.xcconfig */ = {isa = PBXFileReference; includeInIndex = 1; lastKnownFileType = text.xcconfig; name = "Pods-PASGoogleClient.debug.xcconfig"; path = "Pods/Target Support Files/Pods-PASGoogleClient/Pods-PASGoogleClient.debug.xcconfig"; sourceTree = "<group>"; };
/* End PBXFileReference section */

/* Begin PBXFrameworksBuildPhase section */
		D0969AE31E7EDA5200210A58 /* Frameworks */ = {
			isa = PBXFrameworksBuildPhase;
			buildActionMask = 2147483647;
			files = (
				1D77A573F66A38C4461A3984 /* Pods_PASGoogleClient.framework in Frameworks */,
			);
			runOnlyForDeploymentPostprocessing = 0;
		};
/* End PBXFrameworksBuildPhase section */

/* Begin PBXGroup section */
		0349F6722E393730EA5C3F33 /* Pods */ = {
			isa = PBXGroup;
			children = (
				F6C29EA5C27D68C78058BF1E /* Pods-PASGoogleClient.debug.xcconfig */,
				4FC1D9FFDB3C59C1EDE02AD3 /* Pods-PASGoogleClient.release.xcconfig */,
			);
			name = Pods;
			sourceTree = "<group>";
		};
		D0969ADD1E7EDA5200210A58 = {
			isa = PBXGroup;
			children = (
				D0969AE81E7EDA5200210A58 /* PASGoogleClient */,
				D0969AE71E7EDA5200210A58 /* Products */,
				0349F6722E393730EA5C3F33 /* Pods */,
				E8CFE62D8010278768D94CF7 /* Frameworks */,
			);
			sourceTree = "<group>";
		};
		D0969AE71E7EDA5200210A58 /* Products */ = {
			isa = PBXGroup;
			children = (
				D0969AE61E7EDA5200210A58 /* PASGoogleClient.app */,
			);
			name = Products;
			sourceTree = "<group>";
		};
		D0969AE81E7EDA5200210A58 /* PASGoogleClient */ = {
			isa = PBXGroup;
			children = (
				D0969AE91E7EDA5200210A58 /* AppDelegate.swift */,
				D0969AEB1E7EDA5200210A58 /* ViewController.swift */,
				D0969AED1E7EDA5200210A58 /* Main.storyboard */,
				D0969AF31E7EDA5200210A58 /* Assets.xcassets */,
				D0969AF51E7EDA5200210A58 /* LaunchScreen.storyboard */,
				D0969AF81E7EDA5200210A58 /* Info.plist */,
				D0969AF01E7EDA5200210A58 /* PASGoogleClient.xcdatamodeld */,
			);
			path = PASGoogleClient;
			sourceTree = "<group>";
		};
		E8CFE62D8010278768D94CF7 /* Frameworks */ = {
			isa = PBXGroup;
			children = (
				A43E20ABA8042F432376F185 /* Pods_PASGoogleClient.framework */,
			);
			name = Frameworks;
			sourceTree = "<group>";
		};
/* End PBXGroup section */

/* Begin PBXNativeTarget section */
		D0969AE51E7EDA5200210A58 /* PASGoogleClient */ = {
			isa = PBXNativeTarget;
			buildConfigurationList = D0969AFB1E7EDA5200210A58 /* Build configuration list for PBXNativeTarget "PASGoogleClient" */;
			buildPhases = (
				8DB085D16BD048385B9352EE /* [CP] Check Pods Manifest.lock */,
				D0969AE21E7EDA5200210A58 /* Sources */,
				D0969AE31E7EDA5200210A58 /* Frameworks */,
				D0969AE41E7EDA5200210A58 /* Resources */,
				A79E75A6FDAA48FB081499E6 /* [CP] Embed Pods Frameworks */,
				BC25FEB9FB4EC732101C5E77 /* [CP] Copy Pods Resources */,
			);
			buildRules = (
			);
			dependencies = (
			);
			name = PASGoogleClient;
			productName = PASGoogleClient;
			productReference = D0969AE61E7EDA5200210A58 /* PASGoogleClient.app */;
			productType = "com.apple.product-type.application";
		};
/* End PBXNativeTarget section */

/* Begin PBXProject section */
		D0969ADE1E7EDA5200210A58 /* Project object */ = {
			isa = PBXProject;
			attributes = {
				LastSwiftUpdateCheck = 0830;
				LastUpgradeCheck = 0830;
				ORGANIZATIONNAME = Tsubuzaki;
				TargetAttributes = {
					D0969AE51E7EDA5200210A58 = {
						CreatedOnToolsVersion = 8.3;
						DevelopmentTeam = YYM4Z6MU8F;
						ProvisioningStyle = Automatic;
					};
				};
			};
			buildConfigurationList = D0969AE11E7EDA5200210A58 /* Build configuration list for PBXProject "PASGoogleClient" */;
			compatibilityVersion = "Xcode 3.2";
			developmentRegion = English;
			hasScannedForEncodings = 0;
			knownRegions = (
				en,
				Base,
			);
			mainGroup = D0969ADD1E7EDA5200210A58;
			productRefGroup = D0969AE71E7EDA5200210A58 /* Products */;
			projectDirPath = "";
			projectRoot = "";
			targets = (
				D0969AE51E7EDA5200210A58 /* PASGoogleClient */,
			);
		};
/* End PBXProject section */

/* Begin PBXResourcesBuildPhase section */
		D0969AE41E7EDA5200210A58 /* Resources */ = {
			isa = PBXResourcesBuildPhase;
			buildActionMask = 2147483647;
			files = (
				D0969AF71E7EDA5200210A58 /* LaunchScreen.storyboard in Resources */,
				D0969AF41E7EDA5200210A58 /* Assets.xcassets in Resources */,
				D0969AEF1E7EDA5200210A58 /* Main.storyboard in Resources */,
			);
			runOnlyForDeploymentPostprocessing = 0;
		};
/* End PBXResourcesBuildPhase section */

/* Begin PBXShellScriptBuildPhase section */
		8DB085D16BD048385B9352EE /* [CP] Check Pods Manifest.lock */ = {
			isa = PBXShellScriptBuildPhase;
			buildActionMask = 2147483647;
			files = (
			);
			inputPaths = (
			);
			name = "[CP] Check Pods Manifest.lock";
			outputPaths = (
			);
			runOnlyForDeploymentPostprocessing = 0;
			shellPath = /bin/sh;
			shellScript = "diff \"${PODS_ROOT}/../Podfile.lock\" \"${PODS_ROOT}/Manifest.lock\" > /dev/null\nif [ $? != 0 ] ; then\n    # print error to STDERR\n    echo \"error: The sandbox is not in sync with the Podfile.lock. Run 'pod install' or update your CocoaPods installation.\" >&2\n    exit 1\nfi\n";
			showEnvVarsInLog = 0;
		};
		A79E75A6FDAA48FB081499E6 /* [CP] Embed Pods Frameworks */ = {
			isa = PBXShellScriptBuildPhase;
			buildActionMask = 2147483647;
			files = (
			);
			inputPaths = (
			);
			name = "[CP] Embed Pods Frameworks";
			outputPaths = (
			);
			runOnlyForDeploymentPostprocessing = 0;
			shellPath = /bin/sh;
			shellScript = "\"${SRCROOT}/Pods/Target Support Files/Pods-PASGoogleClient/Pods-PASGoogleClient-frameworks.sh\"\n";
			showEnvVarsInLog = 0;
		};
		BC25FEB9FB4EC732101C5E77 /* [CP] Copy Pods Resources */ = {
			isa = PBXShellScriptBuildPhase;
			buildActionMask = 2147483647;
			files = (
			);
			inputPaths = (
			);
			name = "[CP] Copy Pods Resources";
			outputPaths = (
			);
			runOnlyForDeploymentPostprocessing = 0;
			shellPath = /bin/sh;
			shellScript = "\"${SRCROOT}/Pods/Target Support Files/Pods-PASGoogleClient/Pods-PASGoogleClient-resources.sh\"\n";
			showEnvVarsInLog = 0;
		};
/* End PBXShellScriptBuildPhase section */

/* Begin PBXSourcesBuildPhase section */
		D0969AE21E7EDA5200210A58 /* Sources */ = {
			isa = PBXSourcesBuildPhase;
			buildActionMask = 2147483647;
			files = (
				D0969AF21E7EDA5200210A58 /* PASGoogleClient.xcdatamodeld in Sources */,
				D0969AEC1E7EDA5200210A58 /* ViewController.swift in Sources */,
				D0969AEA1E7EDA5200210A58 /* AppDelegate.swift in Sources */,
			);
			runOnlyForDeploymentPostprocessing = 0;
		};
/* End PBXSourcesBuildPhase section */

/* Begin PBXVariantGroup section */
		D0969AED1E7EDA5200210A58 /* Main.storyboard */ = {
			isa = PBXVariantGroup;
			children = (
				D0969AEE1E7EDA5200210A58 /* Base */,
			);
			name = Main.storyboard;
			sourceTree = "<group>";
		};
		D0969AF51E7EDA5200210A58 /* LaunchScreen.storyboard */ = {
			isa = PBXVariantGroup;
			children = (
				D0969AF61E7EDA5200210A58 /* Base */,
			);
			name = LaunchScreen.storyboard;
			sourceTree = "<group>";
		};
/* End PBXVariantGroup section */

/* Begin XCBuildConfiguration section */
		D0969AF91E7EDA5200210A58 /* Debug */ = {
			isa = XCBuildConfiguration;
			buildSettings = {
				ALWAYS_SEARCH_USER_PATHS = NO;
				CLANG_ANALYZER_NONNULL = YES;
				CLANG_ANALYZER_NUMBER_OBJECT_CONVERSION = YES_AGGRESSIVE;
				CLANG_CXX_LANGUAGE_STANDARD = "gnu++0x";
				CLANG_CXX_LIBRARY = "libc++";
				CLANG_ENABLE_MODULES = YES;
				CLANG_ENABLE_OBJC_ARC = YES;
				CLANG_WARN_BOOL_CONVERSION = YES;
				CLANG_WARN_CONSTANT_CONVERSION = YES;
				CLANG_WARN_DIRECT_OBJC_ISA_USAGE = YES_ERROR;
				CLANG_WARN_DOCUMENTATION_COMMENTS = YES;
				CLANG_WARN_EMPTY_BODY = YES;
				CLANG_WARN_ENUM_CONVERSION = YES;
				CLANG_WARN_INFINITE_RECURSION = YES;
				CLANG_WARN_INT_CONVERSION = YES;
				CLANG_WARN_OBJC_ROOT_CLASS = YES_ERROR;
				CLANG_WARN_SUSPICIOUS_MOVE = YES;
				CLANG_WARN_UNREACHABLE_CODE = YES;
				CLANG_WARN__DUPLICATE_METHOD_MATCH = YES;
				"CODE_SIGN_IDENTITY[sdk=iphoneos*]" = "iPhone Developer";
				COPY_PHASE_STRIP = NO;
				DEBUG_INFORMATION_FORMAT = dwarf;
				ENABLE_STRICT_OBJC_MSGSEND = YES;
				ENABLE_TESTABILITY = YES;
				GCC_C_LANGUAGE_STANDARD = gnu99;
				GCC_DYNAMIC_NO_PIC = NO;
				GCC_NO_COMMON_BLOCKS = YES;
				GCC_OPTIMIZATION_LEVEL = 0;
				GCC_PREPROCESSOR_DEFINITIONS = (
					"DEBUG=1",
					"$(inherited)",
				);
				GCC_WARN_64_TO_32_BIT_CONVERSION = YES;
				GCC_WARN_ABOUT_RETURN_TYPE = YES_ERROR;
				GCC_WARN_UNDECLARED_SELECTOR = YES;
				GCC_WARN_UNINITIALIZED_AUTOS = YES_AGGRESSIVE;
				GCC_WARN_UNUSED_FUNCTION = YES;
				GCC_WARN_UNUSED_VARIABLE = YES;
				IPHONEOS_DEPLOYMENT_TARGET = 10.3;
				MTL_ENABLE_DEBUG_INFO = YES;
				ONLY_ACTIVE_ARCH = YES;
				SDKROOT = iphoneos;
				SWIFT_ACTIVE_COMPILATION_CONDITIONS = DEBUG;
				SWIFT_OPTIMIZATION_LEVEL = "-Onone";
			};
			name = Debug;
		};
		D0969AFA1E7EDA5200210A58 /* Release */ = {
			isa = XCBuildConfiguration;
			buildSettings = {
				ALWAYS_SEARCH_USER_PATHS = NO;
				CLANG_ANALYZER_NONNULL = YES;
				CLANG_ANALYZER_NUMBER_OBJECT_CONVERSION = YES_AGGRESSIVE;
				CLANG_CXX_LANGUAGE_STANDARD = "gnu++0x";
				CLANG_CXX_LIBRARY = "libc++";
				CLANG_ENABLE_MODULES = YES;
				CLANG_ENABLE_OBJC_ARC = YES;
				CLANG_WARN_BOOL_CONVERSION = YES;
				CLANG_WARN_CONSTANT_CONVERSION = YES;
				CLANG_WARN_DIRECT_OBJC_ISA_USAGE = YES_ERROR;
				CLANG_WARN_DOCUMENTATION_COMMENTS = YES;
				CLANG_WARN_EMPTY_BODY = YES;
				CLANG_WARN_ENUM_CONVERSION = YES;
				CLANG_WARN_INFINITE_RECURSION = YES;
				CLANG_WARN_INT_CONVERSION = YES;
				CLANG_WARN_OBJC_ROOT_CLASS = YES_ERROR;
				CLANG_WARN_SUSPICIOUS_MOVE = YES;
				CLANG_WARN_UNREACHABLE_CODE = YES;
				CLANG_WARN__DUPLICATE_METHOD_MATCH = YES;
				"CODE_SIGN_IDENTITY[sdk=iphoneos*]" = "iPhone Developer";
				COPY_PHASE_STRIP = NO;
				DEBUG_INFORMATION_FORMAT = "dwarf-with-dsym";
				ENABLE_NS_ASSERTIONS = NO;
				ENABLE_STRICT_OBJC_MSGSEND = YES;
				GCC_C_LANGUAGE_STANDARD = gnu99;
				GCC_NO_COMMON_BLOCKS = YES;
				GCC_WARN_64_TO_32_BIT_CONVERSION = YES;
				GCC_WARN_ABOUT_RETURN_TYPE = YES_ERROR;
				GCC_WARN_UNDECLARED_SELECTOR = YES;
				GCC_WARN_UNINITIALIZED_AUTOS = YES_AGGRESSIVE;
				GCC_WARN_UNUSED_FUNCTION = YES;
				GCC_WARN_UNUSED_VARIABLE = YES;
				IPHONEOS_DEPLOYMENT_TARGET = 10.3;
				MTL_ENABLE_DEBUG_INFO = NO;
				SDKROOT = iphoneos;
				SWIFT_OPTIMIZATION_LEVEL = "-Owholemodule";
				VALIDATE_PRODUCT = YES;
			};
			name = Release;
		};
		D0969AFC1E7EDA5200210A58 /* Debug */ = {
			isa = XCBuildConfiguration;
			baseConfigurationReference = F6C29EA5C27D68C78058BF1E /* Pods-PASGoogleClient.debug.xcconfig */;
			buildSettings = {
				ASSETCATALOG_COMPILER_APPICON_NAME = AppIcon;
				DEVELOPMENT_TEAM = YYM4Z6MU8F;
				INFOPLIST_FILE = PASGoogleClient/Info.plist;
				LD_RUNPATH_SEARCH_PATHS = "$(inherited) @executable_path/Frameworks";
				PRODUCT_BUNDLE_IDENTIFIER = com.tsubuzaki.PASGoogleClient;
				PRODUCT_NAME = "$(TARGET_NAME)";
				SWIFT_OBJC_BRIDGING_HEADER = Imports.h;
				SWIFT_VERSION = 3.0;
			};
			name = Debug;
		};
		D0969AFD1E7EDA5200210A58 /* Release */ = {
			isa = XCBuildConfiguration;
			baseConfigurationReference = 4FC1D9FFDB3C59C1EDE02AD3 /* Pods-PASGoogleClient.release.xcconfig */;
			buildSettings = {
				ASSETCATALOG_COMPILER_APPICON_NAME = AppIcon;
				DEVELOPMENT_TEAM = YYM4Z6MU8F;
				INFOPLIST_FILE = PASGoogleClient/Info.plist;
				LD_RUNPATH_SEARCH_PATHS = "$(inherited) @executable_path/Frameworks";
				PRODUCT_BUNDLE_IDENTIFIER = com.tsubuzaki.PASGoogleClient;
				PRODUCT_NAME = "$(TARGET_NAME)";
				SWIFT_OBJC_BRIDGING_HEADER = Imports.h;
				SWIFT_VERSION = 3.0;
			};
			name = Release;
		};
/* End XCBuildConfiguration section */

/* Begin XCConfigurationList section */
		D0969AE11E7EDA5200210A58 /* Build configuration list for PBXProject "PASGoogleClient" */ = {
			isa = XCConfigurationList;
			buildConfigurations = (
				D0969AF91E7EDA5200210A58 /* Debug */,
				D0969AFA1E7EDA5200210A58 /* Release */,
			);
			defaultConfigurationIsVisible = 0;
			defaultConfigurationName = Release;
		};
		D0969AFB1E7EDA5200210A58 /* Build configuration list for PBXNativeTarget "PASGoogleClient" */ = {
			isa = XCConfigurationList;
			buildConfigurations = (
				D0969AFC1E7EDA5200210A58 /* Debug */,
				D0969AFD1E7EDA5200210A58 /* Release */,
			);
			defaultConfigurationIsVisible = 0;
			defaultConfigurationName = Release;
		};
/* End XCConfigurationList section */

/* Begin XCVersionGroup section */
		D0969AF01E7EDA5200210A58 /* PASGoogleClient.xcdatamodeld */ = {
			isa = XCVersionGroup;
			children = (
				D0969AF11E7EDA5200210A58 /* PASGoogleClient.xcdatamodel */,
			);
			currentVersion = D0969AF11E7EDA5200210A58 /* PASGoogleClient.xcdatamodel */;
			path = PASGoogleClient.xcdatamodeld;
			sourceTree = "<group>";
			versionGroupType = wrapper.xcdatamodel;
		};
/* End XCVersionGroup section */
	};
	rootObject = D0969ADE1E7EDA5200210A58 /* Project object */;
}
